
Microsoft Visual Studio Solution File, Format Version 12.00
# Visual Studio Version 17
VisualStudioVersion = 17.5.002.0
MinimumVisualStudioVersion = 10.0.40219.1
Project("{9A19103F-16F7-4668-BE54-9A1E7A4F7556}") = "FirstNet", "FirstNet.csproj", "{088DB488-BC60-4F76-87B7-47F44FC2DF0E}"
EndProject
Global
	GlobalSection(SolutionConfigurationPlatforms) = preSolution
		Debug|Any CPU = Debug|Any CPU
		Release|Any CPU = Release|Any CPU
	EndGlobalSection
	GlobalSection(ProjectConfigurationPlatforms) = postSolution
		{088DB488-BC60-4F76-87B7-47F44FC2DF0E}.Debug|Any CPU.ActiveCfg = Debug|Any CPU
		{088DB488-BC60-4F76-87B7-47F44FC2DF0E}.Debug|Any CPU.Build.0 = Debug|Any CPU
		{088DB488-BC60-4F76-87B7-47F44FC2DF0E}.Release|Any CPU.ActiveCfg = Release|Any CPU
		{088DB488-BC60-4F76-87B7-47F44FC2DF0E}.Release|Any CPU.Build.0 = Release|Any CPU
	EndGlobalSection
	GlobalSection(SolutionProperties) = preSolution
		HideSolutionNode = FALSE
	EndGlobalSection
	GlobalSection(ExtensibilityGlobals) = postSolution
		SolutionGuid = {148EC8AA-EEDA-4752-A6D3-869A5A985043}
	EndGlobalSection
EndGlobal
